
Microsoft Visual Studio Solution File, Format Version 12.00
# Visual Studio Version 17
VisualStudioVersion = 17.2.32616.157
MinimumVisualStudioVersion = 10.0.40219.1
Project("{FAE04EC0-301F-11D3-BF4B-00C04F79EFBC}") = "Oselot.Demo", "Oselot.Demo\Oselot.Demo.csproj", "{F7237DF3-C8B5-4D69-AC82-DC52054BEC45}"
EndProject
Project("{FAE04EC0-301F-11D3-BF4B-00C04F79EFBC}") = "Weather.Web", "Weather.Web\Weather.Web.csproj", "{4F2DCBF0-5AE4-4986-BCB1-AB242872ACF0}"
EndProject
Global
	GlobalSection(SolutionConfigurationPlatforms) = preSolution
		Debug|Any CPU = Debug|Any CPU
		Release|Any CPU = Release|Any CPU
	EndGlobalSection
	GlobalSection(ProjectConfigurationPlatforms) = postSolution
		{F7237DF3-C8B5-4D69-AC82-DC52054BEC45}.Debug|Any CPU.ActiveCfg = Debug|Any CPU
		{F7237DF3-C8B5-4D69-AC82-DC52054BEC45}.Debug|Any CPU.Build.0 = Debug|Any CPU
		{F7237DF3-C8B5-4D69-AC82-DC52054BEC45}.Release|Any CPU.ActiveCfg = Release|Any CPU
		{F7237DF3-C8B5-4D69-AC82-DC52054BEC45}.Release|Any CPU.Build.0 = Release|Any CPU
		{4F2DCBF0-5AE4-4986-BCB1-AB242872ACF0}.Debug|Any CPU.ActiveCfg = Debug|Any CPU
		{4F2DCBF0-5AE4-4986-BCB1-AB242872ACF0}.Debug|Any CPU.Build.0 = Debug|Any CPU
		{4F2DCBF0-5AE4-4986-BCB1-AB242872ACF0}.Release|Any CPU.ActiveCfg = Release|Any CPU
		{4F2DCBF0-5AE4-4986-BCB1-AB242872ACF0}.Release|Any CPU.Build.0 = Release|Any CPU
	EndGlobalSection
	GlobalSection(SolutionProperties) = preSolution
		HideSolutionNode = FALSE
	EndGlobalSection
	GlobalSection(ExtensibilityGlobals) = postSolution
		SolutionGuid = {959A572C-E0DE-4218-BAD2-A92CC3BC7956}
	EndGlobalSection
EndGlobal
